// !$*UTF8*$!
{
	archiveVersion = 1;
	classes = {
	};
	objectVersion = 48;
	objects = {

/* Begin PBXBuildFile section */
		18218BEE1F8F0EA40090C533 /* AppDelegate.m in Sources */ = {isa = PBXBuildFile; fileRef = 18218BED1F8F0EA40090C533 /* AppDelegate.m */; };
		18218BF41F8F0EA40090C533 /* Main.storyboard in Resources */ = {isa = PBXBuildFile; fileRef = 18218BF21F8F0EA40090C533 /* Main.storyboard */; };
		18218BF61F8F0EA40090C533 /* Assets.xcassets in Resources */ = {isa = PBXBuildFile; fileRef = 18218BF51F8F0EA40090C533 /* Assets.xcassets */; };
		18218BF91F8F0EA40090C533 /* LaunchScreen.storyboard in Resources */ = {isa = PBXBuildFile; fileRef = 18218BF71F8F0EA40090C533 /* LaunchScreen.storyboard */; };
		18218BFC1F8F0EA40090C533 /* main.m in Sources */ = {isa = PBXBuildFile; fileRef = 18218BFB1F8F0EA40090C533 /* main.m */; };
		18218C091F8F10080090C533 /* BaseViewController.m in Sources */ = {isa = PBXBuildFile; fileRef = 18218C081F8F10080090C533 /* BaseViewController.m */; };
		18218C0D1F8F10840090C533 /* MineViewController.m in Sources */ = {isa = PBXBuildFile; fileRef = 18218C0C1F8F10840090C533 /* MineViewController.m */; };
		18218C101F8F10950090C533 /* TouXiViewController.m in Sources */ = {isa = PBXBuildFile; fileRef = 18218C0F1F8F10950090C533 /* TouXiViewController.m */; };
		18218C131F8F10A50090C533 /* HealthViewController.m in Sources */ = {isa = PBXBuildFile; fileRef = 18218C121F8F10A50090C533 /* HealthViewController.m */; };
		18218C171F8F112C0090C533 /* HTTPManage.m in Sources */ = {isa = PBXBuildFile; fileRef = 18218C161F8F112C0090C533 /* HTTPManage.m */; };
		18218C1E1F8F14690090C533 /* BaseResponse.m in Sources */ = {isa = PBXBuildFile; fileRef = 18218C1D1F8F14690090C533 /* BaseResponse.m */; };
/* End PBXBuildFile section */

/* Begin PBXFileReference section */
		18218BE91F8F0EA40090C533 /* BaiTouJia.app */ = {isa = PBXFileReference; explicitFileType = wrapper.application; includeInIndex = 0; path = BaiTouJia.app; sourceTree = BUILT_PRODUCTS_DIR; };
		18218BEC1F8F0EA40090C533 /* AppDelegate.h */ = {isa = PBXFileReference; lastKnownFileType = sourcecode.c.h; path = AppDelegate.h; sourceTree = "<group>"; };
		18218BED1F8F0EA40090C533 /* AppDelegate.m */ = {isa = PBXFileReference; lastKnownFileType = sourcecode.c.objc; path = AppDelegate.m; sourceTree = "<group>"; };
		18218BF31F8F0EA40090C533 /* Base */ = {isa = PBXFileReference; lastKnownFileType = file.storyboard; name = Base; path = Base.lproj/Main.storyboard; sourceTree = "<group>"; };
		18218BF51F8F0EA40090C533 /* Assets.xcassets */ = {isa = PBXFileReference; lastKnownFileType = folder.assetcatalog; path = Assets.xcassets; sourceTree = "<group>"; };
		18218BF81F8F0EA40090C533 /* Base */ = {isa = PBXFileReference; lastKnownFileType = file.storyboard; name = Base; path = Base.lproj/LaunchScreen.storyboard; sourceTree = "<group>"; };
		18218BFA1F8F0EA40090C533 /* Info.plist */ = {isa = PBXFileReference; lastKnownFileType = text.plist.xml; path = Info.plist; sourceTree = "<group>"; };
		18218BFB1F8F0EA40090C533 /* main.m */ = {isa = PBXFileReference; lastKnownFileType = sourcecode.c.objc; path = main.m; sourceTree = "<group>"; };
		18218C071F8F10080090C533 /* BaseViewController.h */ = {isa = PBXFileReference; lastKnownFileType = sourcecode.c.h; path = BaseViewController.h; sourceTree = "<group>"; };
		18218C081F8F10080090C533 /* BaseViewController.m */ = {isa = PBXFileReference; lastKnownFileType = sourcecode.c.objc; path = BaseViewController.m; sourceTree = "<group>"; };
		18218C0A1F8F10300090C533 /* BaiTouJia-prefix.pch */ = {isa = PBXFileReference; lastKnownFileType = sourcecode.c.h; path = "BaiTouJia-prefix.pch"; sourceTree = "<group>"; };
		18218C0B1F8F10840090C533 /* MineViewController.h */ = {isa = PBXFileReference; lastKnownFileType = sourcecode.c.h; path = MineViewController.h; sourceTree = "<group>"; };
		18218C0C1F8F10840090C533 /* MineViewController.m */ = {isa = PBXFileReference; lastKnownFileType = sourcecode.c.objc; path = MineViewController.m; sourceTree = "<group>"; };
		18218C0E1F8F10950090C533 /* TouXiViewController.h */ = {isa = PBXFileReference; lastKnownFileType = sourcecode.c.h; path = TouXiViewController.h; sourceTree = "<group>"; };
		18218C0F1F8F10950090C533 /* TouXiViewController.m */ = {isa = PBXFileReference; lastKnownFileType = sourcecode.c.objc; path = TouXiViewController.m; sourceTree = "<group>"; };
		18218C111F8F10A50090C533 /* HealthViewController.h */ = {isa = PBXFileReference; lastKnownFileType = sourcecode.c.h; path = HealthViewController.h; sourceTree = "<group>"; };
		18218C121F8F10A50090C533 /* HealthViewController.m */ = {isa = PBXFileReference; lastKnownFileType = sourcecode.c.objc; path = HealthViewController.m; sourceTree = "<group>"; };
		18218C151F8F112C0090C533 /* HTTPManage.h */ = {isa = PBXFileReference; lastKnownFileType = sourcecode.c.h; path = HTTPManage.h; sourceTree = "<group>"; };
		18218C161F8F112C0090C533 /* HTTPManage.m */ = {isa = PBXFileReference; lastKnownFileType = sourcecode.c.objc; path = HTTPManage.m; sourceTree = "<group>"; };
		18218C1C1F8F14690090C533 /* BaseResponse.h */ = {isa = PBXFileReference; lastKnownFileType = sourcecode.c.h; path = BaseResponse.h; sourceTree = "<group>"; };
		18218C1D1F8F14690090C533 /* BaseResponse.m */ = {isa = PBXFileReference; lastKnownFileType = sourcecode.c.objc; path = BaseResponse.m; sourceTree = "<group>"; };
/* End PBXFileReference section */

/* Begin PBXFrameworksBuildPhase section */
		18218BE61F8F0EA40090C533 /* Frameworks */ = {
			isa = PBXFrameworksBuildPhase;
			buildActionMask = 2147483647;
			files = (
			);
			runOnlyForDeploymentPostprocessing = 0;
		};
/* End PBXFrameworksBuildPhase section */

/* Begin PBXGroup section */
		18218BE01F8F0EA40090C533 = {
			isa = PBXGroup;
			children = (
				18218BEB1F8F0EA40090C533 /* BaiTouJia */,
				18218BEA1F8F0EA40090C533 /* Products */,
			);
			sourceTree = "<group>";
		};
		18218BEA1F8F0EA40090C533 /* Products */ = {
			isa = PBXGroup;
			children = (
				18218BE91F8F0EA40090C533 /* BaiTouJia.app */,
			);
			name = Products;
			sourceTree = "<group>";
		};
		18218BEB1F8F0EA40090C533 /* BaiTouJia */ = {
			isa = PBXGroup;
			children = (
				18218C181F8F12450090C533 /* Login */,
				18218C141F8F11120090C533 /* Manange */,
				18218C061F8F0F3B0090C533 /* Common */,
				18218C051F8F0F310090C533 /* SDK */,
				18218C041F8F0F200090C533 /* Health */,
				18218C031F8F0F100090C533 /* TouXi */,
				18218C021F8F0F030090C533 /* Mine */,
				18218BEC1F8F0EA40090C533 /* AppDelegate.h */,
				18218BED1F8F0EA40090C533 /* AppDelegate.m */,
				18218BF21F8F0EA40090C533 /* Main.storyboard */,
				18218BF51F8F0EA40090C533 /* Assets.xcassets */,
				18218BF71F8F0EA40090C533 /* LaunchScreen.storyboard */,
				18218BFA1F8F0EA40090C533 /* Info.plist */,
				18218BFB1F8F0EA40090C533 /* main.m */,
				18218C0A1F8F10300090C533 /* BaiTouJia-prefix.pch */,
			);
			path = BaiTouJia;
			sourceTree = "<group>";
		};
		18218C021F8F0F030090C533 /* Mine */ = {
			isa = PBXGroup;
			children = (
				18218C0B1F8F10840090C533 /* MineViewController.h */,
				18218C0C1F8F10840090C533 /* MineViewController.m */,
			);
			path = Mine;
			sourceTree = "<group>";
		};
		18218C031F8F0F100090C533 /* TouXi */ = {
			isa = PBXGroup;
			children = (
				18218C0E1F8F10950090C533 /* TouXiViewController.h */,
				18218C0F1F8F10950090C533 /* TouXiViewController.m */,
			);
			path = TouXi;
			sourceTree = "<group>";
		};
		18218C041F8F0F200090C533 /* Health */ = {
			isa = PBXGroup;
			children = (
				18218C111F8F10A50090C533 /* HealthViewController.h */,
				18218C121F8F10A50090C533 /* HealthViewController.m */,
			);
			path = Health;
			sourceTree = "<group>";
		};
		18218C051F8F0F310090C533 /* SDK */ = {
			isa = PBXGroup;
			children = (
			);
			path = SDK;
			sourceTree = "<group>";
		};
		18218C061F8F0F3B0090C533 /* Common */ = {
			isa = PBXGroup;
			children = (
				18218C071F8F10080090C533 /* BaseViewController.h */,
				18218C081F8F10080090C533 /* BaseViewController.m */,
			);
			path = Common;
			sourceTree = "<group>";
		};
		18218C141F8F11120090C533 /* Manange */ = {
			isa = PBXGroup;
			children = (
				18218C151F8F112C0090C533 /* HTTPManage.h */,
				18218C161F8F112C0090C533 /* HTTPManage.m */,
				18218C1C1F8F14690090C533 /* BaseResponse.h */,
				18218C1D1F8F14690090C533 /* BaseResponse.m */,
			);
			path = Manange;
			sourceTree = "<group>";
		};
		18218C181F8F12450090C533 /* Login */ = {
			isa = PBXGroup;
			children = (
			);
			path = Login;
			sourceTree = "<group>";
		};
/* End PBXGroup section */

/* Begin PBXNativeTarget section */
		18218BE81F8F0EA40090C533 /* BaiTouJia */ = {
			isa = PBXNativeTarget;
			buildConfigurationList = 18218BFF1F8F0EA40090C533 /* Build configuration list for PBXNativeTarget "BaiTouJia" */;
			buildPhases = (
				18218BE51F8F0EA40090C533 /* Sources */,
				18218BE61F8F0EA40090C533 /* Frameworks */,
				18218BE71F8F0EA40090C533 /* Resources */,
			);
			buildRules = (
			);
			dependencies = (
			);
			name = BaiTouJia;
			productName = BaiTouJia;
			productReference = 18218BE91F8F0EA40090C533 /* BaiTouJia.app */;
			productType = "com.apple.product-type.application";
		};
/* End PBXNativeTarget section */

/* Begin PBXProject section */
		18218BE11F8F0EA40090C533 /* Project object */ = {
			isa = PBXProject;
			attributes = {
				LastUpgradeCheck = 0900;
				ORGANIZATIONNAME = apple;
				TargetAttributes = {
					18218BE81F8F0EA40090C533 = {
						CreatedOnToolsVersion = 9.0;
						ProvisioningStyle = Automatic;
					};
				};
			};
			buildConfigurationList = 18218BE41F8F0EA40090C533 /* Build configuration list for PBXProject "BaiTouJia" */;
			compatibilityVersion = "Xcode 8.0";
			developmentRegion = en;
			hasScannedForEncodings = 0;
			knownRegions = (
				en,
				Base,
			);
			mainGroup = 18218BE01F8F0EA40090C533;
			productRefGroup = 18218BEA1F8F0EA40090C533 /* Products */;
			projectDirPath = "";
			projectRoot = "";
			targets = (
				18218BE81F8F0EA40090C533 /* BaiTouJia */,
			);
		};
/* End PBXProject section */

/* Begin PBXResourcesBuildPhase section */
		18218BE71F8F0EA40090C533 /* Resources */ = {
			isa = PBXResourcesBuildPhase;
			buildActionMask = 2147483647;
			files = (
				18218BF91F8F0EA40090C533 /* LaunchScreen.storyboard in Resources */,
				18218BF61F8F0EA40090C533 /* Assets.xcassets in Resources */,
				18218BF41F8F0EA40090C533 /* Main.storyboard in Resources */,
			);
			runOnlyForDeploymentPostprocessing = 0;
		};
/* End PBXResourcesBuildPhase section */

/* Begin PBXSourcesBuildPhase section */
		18218BE51F8F0EA40090C533 /* Sources */ = {
			isa = PBXSourcesBuildPhase;
			buildActionMask = 2147483647;
			files = (
				18218C171F8F112C0090C533 /* HTTPManage.m in Sources */,
				18218BFC1F8F0EA40090C533 /* main.m in Sources */,
				18218C101F8F10950090C533 /* TouXiViewController.m in Sources */,
				18218C1E1F8F14690090C533 /* BaseResponse.m in Sources */,
				18218C131F8F10A50090C533 /* HealthViewController.m in Sources */,
				18218C091F8F10080090C533 /* BaseViewController.m in Sources */,
				18218BEE1F8F0EA40090C533 /* AppDelegate.m in Sources */,
				18218C0D1F8F10840090C533 /* MineViewController.m in Sources */,
			);
			runOnlyForDeploymentPostprocessing = 0;
		};
/* End PBXSourcesBuildPhase section */

/* Begin PBXVariantGroup section */
		18218BF21F8F0EA40090C533 /* Main.storyboard */ = {
			isa = PBXVariantGroup;
			children = (
				18218BF31F8F0EA40090C533 /* Base */,
			);
			name = Main.storyboard;
			sourceTree = "<group>";
		};
		18218BF71F8F0EA40090C533 /* LaunchScreen.storyboard */ = {
			isa = PBXVariantGroup;
			children = (
				18218BF81F8F0EA40090C533 /* Base */,
			);
			name = LaunchScreen.storyboard;
			sourceTree = "<group>";
		};
/* End PBXVariantGroup section */

/* Begin XCBuildConfiguration section */
		18218BFD1F8F0EA40090C533 /* Debug */ = {
			isa = XCBuildConfiguration;
			buildSettings = {
				ALWAYS_SEARCH_USER_PATHS = NO;
				CLANG_ANALYZER_NONNULL = YES;
				CLANG_ANALYZER_NUMBER_OBJECT_CONVERSION = YES_AGGRESSIVE;
				CLANG_CXX_LANGUAGE_STANDARD = "gnu++14";
				CLANG_CXX_LIBRARY = "libc++";
				CLANG_ENABLE_MODULES = YES;
				CLANG_ENABLE_OBJC_ARC = YES;
				CLANG_WARN_BLOCK_CAPTURE_AUTORELEASING = YES;
				CLANG_WARN_BOOL_CONVERSION = YES;
				CLANG_WARN_COMMA = YES;
				CLANG_WARN_CONSTANT_CONVERSION = YES;
				CLANG_WARN_DIRECT_OBJC_ISA_USAGE = YES_ERROR;
				CLANG_WARN_DOCUMENTATION_COMMENTS = YES;
				CLANG_WARN_EMPTY_BODY = YES;
				CLANG_WARN_ENUM_CONVERSION = YES;
				CLANG_WARN_INFINITE_RECURSION = YES;
				CLANG_WARN_INT_CONVERSION = YES;
				CLANG_WARN_NON_LITERAL_NULL_CONVERSION = YES;
				CLANG_WARN_OBJC_LITERAL_CONVERSION = YES;
				CLANG_WARN_OBJC_ROOT_CLASS = YES_ERROR;
				CLANG_WARN_RANGE_LOOP_ANALYSIS = YES;
				CLANG_WARN_STRICT_PROTOTYPES = YES;
				CLANG_WARN_SUSPICIOUS_MOVE = YES;
				CLANG_WARN_UNGUARDED_AVAILABILITY = YES_AGGRESSIVE;
				CLANG_WARN_UNREACHABLE_CODE = YES;
				CLANG_WARN__DUPLICATE_METHOD_MATCH = YES;
				CODE_SIGN_IDENTITY = "iPhone Developer";
				COPY_PHASE_STRIP = NO;
				DEBUG_INFORMATION_FORMAT = dwarf;
				ENABLE_STRICT_OBJC_MSGSEND = YES;
				ENABLE_TESTABILITY = YES;
				GCC_C_LANGUAGE_STANDARD = gnu11;
				GCC_DYNAMIC_NO_PIC = NO;
				GCC_NO_COMMON_BLOCKS = YES;
				GCC_OPTIMIZATION_LEVEL = 0;
				GCC_PREPROCESSOR_DEFINITIONS = (
					"DEBUG=1",
					"$(inherited)",
				);
				GCC_WARN_64_TO_32_BIT_CONVERSION = YES;
				GCC_WARN_ABOUT_RETURN_TYPE = YES_ERROR;
				GCC_WARN_UNDECLARED_SELECTOR = YES;
				GCC_WARN_UNINITIALIZED_AUTOS = YES_AGGRESSIVE;
				GCC_WARN_UNUSED_FUNCTION = YES;
				GCC_WARN_UNUSED_VARIABLE = YES;
				IPHONEOS_DEPLOYMENT_TARGET = 11.0;
				MTL_ENABLE_DEBUG_INFO = YES;
				ONLY_ACTIVE_ARCH = YES;
				SDKROOT = iphoneos;
			};
			name = Debug;
		};
		18218BFE1F8F0EA40090C533 /* Release */ = {
			isa = XCBuildConfiguration;
			buildSettings = {
				ALWAYS_SEARCH_USER_PATHS = NO;
				CLANG_ANALYZER_NONNULL = YES;
				CLANG_ANALYZER_NUMBER_OBJECT_CONVERSION = YES_AGGRESSIVE;
				CLANG_CXX_LANGUAGE_STANDARD = "gnu++14";
				CLANG_CXX_LIBRARY = "libc++";
				CLANG_ENABLE_MODULES = YES;
				CLANG_ENABLE_OBJC_ARC = YES;
				CLANG_WARN_BLOCK_CAPTURE_AUTORELEASING = YES;
				CLANG_WARN_BOOL_CONVERSION = YES;
				CLANG_WARN_COMMA = YES;
				CLANG_WARN_CONSTANT_CONVERSION = YES;
				CLANG_WARN_DIRECT_OBJC_ISA_USAGE = YES_ERROR;
				CLANG_WARN_DOCUMENTATION_COMMENTS = YES;
				CLANG_WARN_EMPTY_BODY = YES;
				CLANG_WARN_ENUM_CONVERSION = YES;
				CLANG_WARN_INFINITE_RECURSION = YES;
				CLANG_WARN_INT_CONVERSION = YES;
				CLANG_WARN_NON_LITERAL_NULL_CONVERSION = YES;
				CLANG_WARN_OBJC_LITERAL_CONVERSION = YES;
				CLANG_WARN_OBJC_ROOT_CLASS = YES_ERROR;
				CLANG_WARN_RANGE_LOOP_ANALYSIS = YES;
				CLANG_WARN_STRICT_PROTOTYPES = YES;
				CLANG_WARN_SUSPICIOUS_MOVE = YES;
				CLANG_WARN_UNGUARDED_AVAILABILITY = YES_AGGRESSIVE;
				CLANG_WARN_UNREACHABLE_CODE = YES;
				CLANG_WARN__DUPLICATE_METHOD_MATCH = YES;
				CODE_SIGN_IDENTITY = "iPhone Developer";
				COPY_PHASE_STRIP = NO;
				DEBUG_INFORMATION_FORMAT = "dwarf-with-dsym";
				ENABLE_NS_ASSERTIONS = NO;
				ENABLE_STRICT_OBJC_MSGSEND = YES;
				GCC_C_LANGUAGE_STANDARD = gnu11;
				GCC_NO_COMMON_BLOCKS = YES;
				GCC_WARN_64_TO_32_BIT_CONVERSION = YES;
				GCC_WARN_ABOUT_RETURN_TYPE = YES_ERROR;
				GCC_WARN_UNDECLARED_SELECTOR = YES;
				GCC_WARN_UNINITIALIZED_AUTOS = YES_AGGRESSIVE;
				GCC_WARN_UNUSED_FUNCTION = YES;
				GCC_WARN_UNUSED_VARIABLE = YES;
				IPHONEOS_DEPLOYMENT_TARGET = 11.0;
				MTL_ENABLE_DEBUG_INFO = NO;
				SDKROOT = iphoneos;
				VALIDATE_PRODUCT = YES;
			};
			name = Release;
		};
		18218C001F8F0EA40090C533 /* Debug */ = {
			isa = XCBuildConfiguration;
			buildSettings = {
				ASSETCATALOG_COMPILER_APPICON_NAME = AppIcon;
				CODE_SIGN_STYLE = Automatic;
				GCC_PRECOMPILE_PREFIX_HEADER = YES;
				GCC_PREFIX_HEADER = "BaiTouJia/BaiTouJia-prefix.pch";
				INFOPLIST_FILE = BaiTouJia/Info.plist;
				LD_RUNPATH_SEARCH_PATHS = "$(inherited) @executable_path/Frameworks";
				PRODUCT_BUNDLE_IDENTIFIER = qicy.com.BaiTouJia;
				PRODUCT_NAME = "$(TARGET_NAME)";
				TARGETED_DEVICE_FAMILY = "1,2";
			};
			name = Debug;
		};
		18218C011F8F0EA40090C533 /* Release */ = {
			isa = XCBuildConfiguration;
			buildSettings = {
				ASSETCATALOG_COMPILER_APPICON_NAME = AppIcon;
				CODE_SIGN_STYLE = Automatic;
				GCC_PRECOMPILE_PREFIX_HEADER = YES;
				GCC_PREFIX_HEADER = "BaiTouJia/BaiTouJia-prefix.pch";
				INFOPLIST_FILE = BaiTouJia/Info.plist;
				LD_RUNPATH_SEARCH_PATHS = "$(inherited) @executable_path/Frameworks";
				PRODUCT_BUNDLE_IDENTIFIER = qicy.com.BaiTouJia;
				PRODUCT_NAME = "$(TARGET_NAME)";
				TARGETED_DEVICE_FAMILY = "1,2";
			};
			name = Release;
		};
/* End XCBuildConfiguration section */

/* Begin XCConfigurationList section */
		18218BE41F8F0EA40090C533 /* Build configuration list for PBXProject "BaiTouJia" */ = {
			isa = XCConfigurationList;
			buildConfigurations = (
				18218BFD1F8F0EA40090C533 /* Debug */,
				18218BFE1F8F0EA40090C533 /* Release */,
			);
			defaultConfigurationIsVisible = 0;
			defaultConfigurationName = Release;
		};
		18218BFF1F8F0EA40090C533 /* Build configuration list for PBXNativeTarget "BaiTouJia" */ = {
			isa = XCConfigurationList;
			buildConfigurations = (
				18218C001F8F0EA40090C533 /* Debug */,
				18218C011F8F0EA40090C533 /* Release */,
			);
			defaultConfigurationIsVisible = 0;
			defaultConfigurationName = Release;
		};
/* End XCConfigurationList section */
	};
	rootObject = 18218BE11F8F0EA40090C533 /* Project object */;
}
